
Microsoft Visual Studio Solution File, Format Version 12.00
# Visual Studio Version 17
VisualStudioVersion = 17.14.36518.9
MinimumVisualStudioVersion = 10.0.40219.1
Project("{FAE04EC0-301F-11D3-BF4B-00C04F79EFBC}") = "Programowanie_obiektowe", "Programowanie_obiektowe\Programowanie_obiektowe.csproj", "{BC711E3F-940B-446A-8109-23C3C3E8A732}"
EndProject
Project("{FAE04EC0-301F-11D3-BF4B-00C04F79EFBC}") = "Lab1", "Lab1\Lab1.csproj", "{265A3EDE-0B22-46CF-860D-D3FDD0872225}"
EndProject
Project("{FAE04EC0-301F-11D3-BF4B-00C04F79EFBC}") = "Lab2", "Lab2\Lab2.csproj", "{EC04E7A5-0124-4C21-A155-6624AA778DD3}"
EndProject
Global
	GlobalSection(SolutionConfigurationPlatforms) = preSolution
		Debug|Any CPU = Debug|Any CPU
		Release|Any CPU = Release|Any CPU
	EndGlobalSection
	GlobalSection(ProjectConfigurationPlatforms) = postSolution
		{BC711E3F-940B-446A-8109-23C3C3E8A732}.Debug|Any CPU.ActiveCfg = Debug|Any CPU
		{BC711E3F-940B-446A-8109-23C3C3E8A732}.Debug|Any CPU.Build.0 = Debug|Any CPU
		{BC711E3F-940B-446A-8109-23C3C3E8A732}.Release|Any CPU.ActiveCfg = Release|Any CPU
		{BC711E3F-940B-446A-8109-23C3C3E8A732}.Release|Any CPU.Build.0 = Release|Any CPU
		{265A3EDE-0B22-46CF-860D-D3FDD0872225}.Debug|Any CPU.ActiveCfg = Debug|Any CPU
		{265A3EDE-0B22-46CF-860D-D3FDD0872225}.Debug|Any CPU.Build.0 = Debug|Any CPU
		{265A3EDE-0B22-46CF-860D-D3FDD0872225}.Release|Any CPU.ActiveCfg = Release|Any CPU
		{265A3EDE-0B22-46CF-860D-D3FDD0872225}.Release|Any CPU.Build.0 = Release|Any CPU
		{EC04E7A5-0124-4C21-A155-6624AA778DD3}.Debug|Any CPU.ActiveCfg = Debug|Any CPU
		{EC04E7A5-0124-4C21-A155-6624AA778DD3}.Debug|Any CPU.Build.0 = Debug|Any CPU
		{EC04E7A5-0124-4C21-A155-6624AA778DD3}.Release|Any CPU.ActiveCfg = Release|Any CPU
		{EC04E7A5-0124-4C21-A155-6624AA778DD3}.Release|Any CPU.Build.0 = Release|Any CPU
	EndGlobalSection
	GlobalSection(SolutionProperties) = preSolution
		HideSolutionNode = FALSE
	EndGlobalSection
	GlobalSection(ExtensibilityGlobals) = postSolution
		SolutionGuid = {30E3DC49-27A7-4D8F-9D64-01845E1AEB67}
	EndGlobalSection
EndGlobal
